{
    "_readme": [
        "This file locks the dependencies of your project to a known state",
        "Read more about it at https://getcomposer.org/doc/01-basic-usage.md#composer-lock-the-lock-file",
        "This file is @generated automatically"
    ],
    "content-hash": "0a2df66264540b9c4d8e37df4e605cae",
    "packages": [],
    "packages-dev": [],
    "aliases": [],
    "minimum-stability": "stable",
    "stability-flags": [],
    "prefer-stable": false,
    "prefer-lowest": false,
    "platform": {
        "php": "^7.0.0",
        "ext-mbstring": "*",
        "ext-sqlite3": "*",
        "ext-pdo_sqlite": "*"
    },
    "platform-dev": []
}
